{
  "nodes": {
    "comfy-aimdo": {
      "inputs": {
        "flake-lib": [
          "flake-lib"
        ],
        "flake-utils": [
          "flake-utils"
        ],
        "nixpkgs": [
          "nixpkgs"
        ]
      },
      "locked": {
        "lastModified": 1780992937,
        "narHash": "sha256-GbUZmMaY7YLkQsp+XWzLUua54Y5R/yt3rN3GF9scrXY=",
        "owner": "jgus",
        "repo": "comfy-aimdo-flake",
        "rev": "351003396395be3fe4ce207bd85339064b44b70f",
        "type": "github"
      },
      "original": {
        "owner": "jgus",
        "repo": "comfy-aimdo-flake",
        "type": "github"
      }
    },
    "comfy-kitchen": {
      "inputs": {
        "flake-lib": [
          "flake-lib"
        ],
        "flake-utils": [
          "flake-utils"
        ],
        "nixpkgs": [
          "nixpkgs"
        ]
      },
      "locked": {
        "lastModified": 1780993195,
        "narHash": "sha256-aYo0RlRV9fDNuJxc7ufmZIPmsM5J5uVCFD+NyOAD0H0=",
        "owner": "jgus",
        "repo": "comfy-kitchen-flake",
        "rev": "26af83cffb7e11495c3b0a71e5596c60ad2a4261",
        "type": "github"
      },
      "original": {
        "owner": "jgus",
        "repo": "comfy-kitchen-flake",
        "type": "github"
      }
    },
    "comfyui-embedded-docs": {
      "inputs": {
        "flake-lib": [
          "flake-lib"
        ],
        "flake-utils": [
          "flake-utils"
        ],
        "nixpkgs": [
          "nixpkgs"
        ]
      },
      "locked": {
        "lastModified": 1780992768,
        "narHash": "sha256-uZneSmTKST/YUDpqyYMFInUDZHaZri2Qhq7lxxmKD60=",
        "owner": "jgus",
        "repo": "comfyui-embedded-docs-flake",
        "rev": "9692516c603d49a9887bb8755966627c03fd64ef",
        "type": "github"
      },
      "original": {
        "owner": "jgus",
        "repo": "comfyui-embedded-docs-flake",
        "type": "github"
      }
    },
    "comfyui-frontend-package": {
      "inputs": {
        "flake-lib": [
          "flake-lib"
        ],
        "flake-utils": [
          "flake-utils"
        ],
        "nixpkgs": [
          "nixpkgs"
        ]
      },
      "locked": {
        "lastModified": 1780992920,
        "narHash": "sha256-qFBeEXZ30Qw0deBFCeBR2wjVbvMt/BRO9+PU6J1oL28=",
        "owner": "jgus",
        "repo": "comfyui-frontend-package-flake",
        "rev": "fab3bc838d8cf9e070a525bd23b6340c64c5c86f",
        "type": "github"
      },
      "original": {
        "owner": "jgus",
        "repo": "comfyui-frontend-package-flake",
        "type": "github"
      }
    },
    "comfyui-workflow-templates": {
      "inputs": {
        "flake-lib": [
          "flake-lib"
        ],
        "flake-utils": [
          "flake-utils"
        ],
        "nixpkgs": [
          "nixpkgs"
        ]
      },
      "locked": {
        "lastModified": 1780992763,
        "narHash": "sha256-0OnL+kgBNcAEL3HA8TAXK2aDcU6HbDGBT60qhKmSTwM=",
        "owner": "jgus",
        "repo": "comfyui-workflow-templates-flake",
        "rev": "025a9f52ab945b8f4aab9bdbefefcc13145be30b",
        "type": "github"
      },
      "original": {
        "owner": "jgus",
        "repo": "comfyui-workflow-templates-flake",
        "type": "github"
      }
    },
    "comfyui-workflow-templates-core": {
      "inputs": {
        "flake-lib": [
          "flake-lib"
        ],
        "flake-utils": [
          "flake-utils"
        ],
        "nixpkgs": [
          "nixpkgs"
        ]
      },
      "locked": {
        "lastModified": 1780993029,
        "narHash": "sha256-HU4vrCoVvRzMcIPl969vsf3fATearV258ZdRXkyNx/Q=",
        "owner": "jgus",
        "repo": "comfyui-workflow-templates-core-flake",
        "rev": "01a436a227fa1125dd5a2b50ddcaffe375550b1a",
        "type": "github"
      },
      "original": {
        "owner": "jgus",
        "repo": "comfyui-workflow-templates-core-flake",
        "type": "github"
      }
    },
    "comfyui-workflow-templates-media-api": {
      "inputs": {
        "flake-lib": [
          "flake-lib"
        ],
        "flake-utils": [
          "flake-utils"
        ],
        "nixpkgs": [
          "nixpkgs"
        ]
      },
      "locked": {
        "lastModified": 1780993191,
        "narHash": "sha256-ENjuOG20+ejxWo8x2GBdONRwCnZIZ+GGNHLyYa4Sswc=",
        "owner": "jgus",
        "repo": "comfyui-workflow-templates-media-api-flake",
        "rev": "89cbac3934df2e837054334bbf2d659434577fa4",
        "type": "github"
      },
      "original": {
        "owner": "jgus",
        "repo": "comfyui-workflow-templates-media-api-flake",
        "type": "github"
      }
    },
    "comfyui-workflow-templates-media-image": {
      "inputs": {
        "flake-lib": [
          "flake-lib"
        ],
        "flake-utils": [
          "flake-utils"
        ],
        "nixpkgs": [
          "nixpkgs"
        ]
      },
      "locked": {
        "lastModified": 1780992765,
        "narHash": "sha256-Z3cssOHPppSyEv3XecRGNxGEOH+M3fSGZ4M0QXN0K+Q=",
        "owner": "jgus",
        "repo": "comfyui-workflow-templates-media-image-flake",
        "rev": "965af31ac02de92b18b5ae304b6cf8a1bdf894c1",
        "type": "github"
      },
      "original": {
        "owner": "jgus",
        "repo": "comfyui-workflow-templates-media-image-flake",
        "type": "github"
      }
    },
    "comfyui-workflow-templates-media-other": {
      "inputs": {
        "flake-lib": [
          "flake-lib"
        ],
        "flake-utils": [
          "flake-utils"
        ],
        "nixpkgs": [
          "nixpkgs"
        ]
      },
      "locked": {
        "lastModified": 1780992663,
        "narHash": "sha256-KacAOwprIx+KMKvNMzhhqapXQcQteLooyVXfOXDlAgQ=",
        "owner": "jgus",
        "repo": "comfyui-workflow-templates-media-other-flake",
        "rev": "2fcdc8415d1de13a77f80643f90b1e18226234b3",
        "type": "github"
      },
      "original": {
        "owner": "jgus",
        "repo": "comfyui-workflow-templates-media-other-flake",
        "type": "github"
      }
    },
    "comfyui-workflow-templates-media-video": {
      "inputs": {
        "flake-lib": [
          "flake-lib"
        ],
        "flake-utils": [
          "flake-utils"
        ],
        "nixpkgs": [
          "nixpkgs"
        ]
      },
      "locked": {
        "lastModified": 1780993004,
        "narHash": "sha256-GpTpBov918GqLk3tLVir41i1snAZ3t5Jc0cXNMtOjIA=",
        "owner": "jgus",
        "repo": "comfyui-workflow-templates-media-video-flake",
        "rev": "3b185bd6672628d46493d92c1b102f3842e09de5",
        "type": "github"
      },
      "original": {
        "owner": "jgus",
        "repo": "comfyui-workflow-templates-media-video-flake",
        "type": "github"
      }
    },
    "flake-lib": {
      "inputs": {
        "flake-utils": [
          "flake-utils"
        ],
        "nixpkgs": [
          "nixpkgs"
        ]
      },
      "locked": {
        "lastModified": 1780808353,
        "narHash": "sha256-z8KXDaONRWkswdNYVPZgvaGtmwZmz8kQgKL8+GWx+WE=",
        "owner": "jgus",
        "repo": "flake-lib",
        "rev": "1270da0a3f8b1fd9beba75e72f5eccfe571c04b2",
        "type": "github"
      },
      "original": {
        "owner": "jgus",
        "ref": "v1",
        "repo": "flake-lib",
        "type": "github"
      }
    },
    "flake-utils": {
      "inputs": {
        "systems": "systems"
      },
      "locked": {
        "lastModified": 1731533236,
        "narHash": "sha256-l0KFg5HjrsfsO/JpG+r7fRrqm12kzFHyUHqHCVpMMbI=",
        "owner": "numtide",
        "repo": "flake-utils",
        "rev": "11707dc2f618dd54ca8739b309ec4fc024de578b",
        "type": "github"
      },
      "original": {
        "owner": "numtide",
        "repo": "flake-utils",
        "type": "github"
      }
    },
    "nixpkgs": {
      "locked": {
        "lastModified": 1780930886,
        "narHash": "sha256-rppURzHviaQN131F+nLiLdGfcb0uCd9gGP0E5+iw9MI=",
        "owner": "NixOS",
        "repo": "nixpkgs",
        "rev": "8c3cede7ddc26bd659d2d383b5610efbd2c7a16e",
        "type": "github"
      },
      "original": {
        "owner": "NixOS",
        "ref": "nixpkgs-unstable",
        "repo": "nixpkgs",
        "type": "github"
      }
    },
    "root": {
      "inputs": {
        "comfy-aimdo": "comfy-aimdo",
        "comfy-kitchen": "comfy-kitchen",
        "comfyui-embedded-docs": "comfyui-embedded-docs",
        "comfyui-frontend-package": "comfyui-frontend-package",
        "comfyui-workflow-templates": "comfyui-workflow-templates",
        "comfyui-workflow-templates-core": "comfyui-workflow-templates-core",
        "comfyui-workflow-templates-media-api": "comfyui-workflow-templates-media-api",
        "comfyui-workflow-templates-media-image": "comfyui-workflow-templates-media-image",
        "comfyui-workflow-templates-media-other": "comfyui-workflow-templates-media-other",
        "comfyui-workflow-templates-media-video": "comfyui-workflow-templates-media-video",
        "flake-lib": "flake-lib",
        "flake-utils": "flake-utils",
        "nixpkgs": "nixpkgs",
        "spandrel": "spandrel"
      }
    },
    "spandrel": {
      "inputs": {
        "flake-lib": [
          "flake-lib"
        ],
        "flake-utils": [
          "flake-utils"
        ],
        "nixpkgs": [
          "nixpkgs"
        ]
      },
      "locked": {
        "lastModified": 1780993169,
        "narHash": "sha256-o7yVCCuk1d8z00JbtOhb/FPDMMKmIxHQyH4S0P7ogUc=",
        "owner": "jgus",
        "repo": "spandrel-flake",
        "rev": "d3fa0915f00ed53996464c4eaf05ad9a9761d929",
        "type": "github"
      },
      "original": {
        "owner": "jgus",
        "repo": "spandrel-flake",
        "type": "github"
      }
    },
    "systems": {
      "locked": {
        "lastModified": 1681028828,
        "narHash": "sha256-Vy1rq5AaRuLzOxct8nz4T6wlgyUR7zLU309k9mBC768=",
        "owner": "nix-systems",
        "repo": "default",
        "rev": "da67096a3b9bf56a91d16901293e51ba5b49a27e",
        "type": "github"
      },
      "original": {
        "owner": "nix-systems",
        "repo": "default",
        "type": "github"
      }
    }
  },
  "root": "root",
  "version": 7
}
