{
  "nodes": {
    "comfy-aimdo": {
      "inputs": {
        "flake-lib": [
          "flake-lib"
        ],
        "flake-utils": [
          "flake-utils"
        ],
        "nixpkgs": [
          "nixpkgs"
        ]
      },
      "locked": {
        "lastModified": 1788187678,
        "narHash": "sha256-xhqvHPRoHhGukB0eBGC/xWYhcthFmtWVafxJAUp0EXM=",
        "owner": "jgus",
        "repo": "comfy-aimdo-flake",
        "rev": "2e9dff9d380ad1a5f3c41d2d3a1d70b248a13189",
        "type": "github"
      },
      "original": {
        "owner": "jgus",
        "repo": "comfy-aimdo-flake",
        "type": "github"
      }
    },
    "comfy-kitchen": {
      "inputs": {
        "flake-lib": [
          "flake-lib"
        ],
        "flake-utils": [
          "flake-utils"
        ],
        "nixpkgs": [
          "nixpkgs"
        ]
      },
      "locked": {
        "lastModified": 1788188602,
        "narHash": "sha256-DgPpc7WYUNh7G+4zMg6Mgnd1k9pfOy44yDUp6+jhsaU=",
        "owner": "jgus",
        "repo": "comfy-kitchen-flake",
        "rev": "52b25f4a90d1a39a09ec36670b5d714761fdb35e",
        "type": "github"
      },
      "original": {
        "owner": "jgus",
        "repo": "comfy-kitchen-flake",
        "type": "github"
      }
    },
    "comfyui-embedded-docs": {
      "inputs": {
        "flake-lib": [
          "flake-lib"
        ],
        "flake-utils": [
          "flake-utils"
        ],
        "nixpkgs": [
          "nixpkgs"
        ]
      },
      "locked": {
        "lastModified": 1788186791,
        "narHash": "sha256-DPBt+arJWvQzXMmsP7wrZymr46hVbgHMDFYKbtfIiso=",
        "owner": "jgus",
        "repo": "comfyui-embedded-docs-flake",
        "rev": "ad9dd6bdf9c99c2b1b7fcb9de34a1a6412fb8d3a",
        "type": "github"
      },
      "original": {
        "owner": "jgus",
        "repo": "comfyui-embedded-docs-flake",
        "type": "github"
      }
    },
    "comfyui-frontend-package": {
      "inputs": {
        "flake-lib": [
          "flake-lib"
        ],
        "flake-utils": [
          "flake-utils"
        ],
        "nixpkgs": [
          "nixpkgs"
        ]
      },
      "locked": {
        "lastModified": 1788187815,
        "narHash": "sha256-/jYgZXN4q8FL9k0F+0tX08v7WhySRHX98WMYgKMeHQs=",
        "owner": "jgus",
        "repo": "comfyui-frontend-package-flake",
        "rev": "cdf3d4537bbe33cc483b235bcc4eb38006a9e61a",
        "type": "github"
      },
      "original": {
        "owner": "jgus",
        "repo": "comfyui-frontend-package-flake",
        "type": "github"
      }
    },
    "comfyui-workflow-templates": {
      "inputs": {
        "comfyui-workflow-templates-core": "comfyui-workflow-templates-core",
        "comfyui-workflow-templates-json": "comfyui-workflow-templates-json",
        "comfyui-workflow-templates-media-api": "comfyui-workflow-templates-media-api",
        "comfyui-workflow-templates-media-assets-01": "comfyui-workflow-templates-media-assets-01",
        "comfyui-workflow-templates-media-image": "comfyui-workflow-templates-media-image",
        "comfyui-workflow-templates-media-other": "comfyui-workflow-templates-media-other",
        "comfyui-workflow-templates-media-video": "comfyui-workflow-templates-media-video",
        "flake-lib": [
          "flake-lib"
        ],
        "flake-utils": [
          "flake-utils"
        ],
        "nixpkgs": [
          "nixpkgs"
        ]
      },
      "locked": {
        "lastModified": 1788187076,
        "narHash": "sha256-gw6EwdcAyKxp+XPYX1BBbHvcbj9svTj8MU96/bBtRVE=",
        "owner": "jgus",
        "repo": "comfyui-workflow-templates-flake",
        "rev": "878a60029dc9fc729eacf16365f3e55a742b7b76",
        "type": "github"
      },
      "original": {
        "owner": "jgus",
        "repo": "comfyui-workflow-templates-flake",
        "type": "github"
      }
    },
    "comfyui-workflow-templates-core": {
      "inputs": {
        "flake-lib": [
          "comfyui-workflow-templates",
          "flake-lib"
        ],
        "flake-utils": [
          "comfyui-workflow-templates",
          "flake-utils"
        ],
        "nixpkgs": [
          "comfyui-workflow-templates",
          "nixpkgs"
        ]
      },
      "locked": {
        "lastModified": 1788093609,
        "narHash": "sha256-vDQiqplq1NfRYSzFUhp1XSvwNSwFRQkJUjBUsMtVm/U=",
        "owner": "jgus",
        "repo": "comfyui-workflow-templates-core-flake",
        "rev": "6e07824439c829d796e75e2bdab71682ce3e7170",
        "type": "github"
      },
      "original": {
        "owner": "jgus",
        "repo": "comfyui-workflow-templates-core-flake",
        "type": "github"
      }
    },
    "comfyui-workflow-templates-json": {
      "inputs": {
        "flake-lib": [
          "comfyui-workflow-templates",
          "flake-lib"
        ],
        "flake-utils": [
          "comfyui-workflow-templates",
          "flake-utils"
        ],
        "nixpkgs": [
          "comfyui-workflow-templates",
          "nixpkgs"
        ]
      },
      "locked": {
        "lastModified": 1788093584,
        "narHash": "sha256-EceT8Y+aHKRwaSRNfcdAIiQPJ2w9DUan8hTVggHRPC0=",
        "owner": "jgus",
        "repo": "comfyui-workflow-templates-json-flake",
        "rev": "a98b95218b47e4331dcd42fb3a1d24b7153abd34",
        "type": "github"
      },
      "original": {
        "owner": "jgus",
        "repo": "comfyui-workflow-templates-json-flake",
        "type": "github"
      }
    },
    "comfyui-workflow-templates-media-api": {
      "inputs": {
        "flake-lib": [
          "comfyui-workflow-templates",
          "flake-lib"
        ],
        "flake-utils": [
          "comfyui-workflow-templates",
          "flake-utils"
        ],
        "nixpkgs": [
          "comfyui-workflow-templates",
          "nixpkgs"
        ]
      },
      "locked": {
        "lastModified": 1788093924,
        "narHash": "sha256-1BaJ69Ob4xaaWo/0ySCur1UHy9Z30bxJINRirfCOeq8=",
        "owner": "jgus",
        "repo": "comfyui-workflow-templates-media-api-flake",
        "rev": "cd648da2355888a028b2af4bff4fcfab761ec546",
        "type": "github"
      },
      "original": {
        "owner": "jgus",
        "repo": "comfyui-workflow-templates-media-api-flake",
        "type": "github"
      }
    },
    "comfyui-workflow-templates-media-assets-01": {
      "inputs": {
        "flake-lib": [
          "comfyui-workflow-templates",
          "flake-lib"
        ],
        "flake-utils": [
          "comfyui-workflow-templates",
          "flake-utils"
        ],
        "nixpkgs": [
          "comfyui-workflow-templates",
          "nixpkgs"
        ]
      },
      "locked": {
        "lastModified": 1788093924,
        "narHash": "sha256-4VzBpgoBht101azvsimwtgNIXtzq8Lazj5AqLMQKcJ4=",
        "owner": "jgus",
        "repo": "comfyui-workflow-templates-media-assets-01-flake",
        "rev": "14cf53df5e98c110b37b1930391549c4361d1e59",
        "type": "github"
      },
      "original": {
        "owner": "jgus",
        "repo": "comfyui-workflow-templates-media-assets-01-flake",
        "type": "github"
      }
    },
    "comfyui-workflow-templates-media-image": {
      "inputs": {
        "flake-lib": [
          "comfyui-workflow-templates",
          "flake-lib"
        ],
        "flake-utils": [
          "comfyui-workflow-templates",
          "flake-utils"
        ],
        "nixpkgs": [
          "comfyui-workflow-templates",
          "nixpkgs"
        ]
      },
      "locked": {
        "lastModified": 1788186821,
        "narHash": "sha256-WF1HrKanmYFkxyo7+hGae4TBSQlsTMra1Lt5l184WFI=",
        "owner": "jgus",
        "repo": "comfyui-workflow-templates-media-image-flake",
        "rev": "2cda463da705bdb5dd3c2e05d0b4fe428debceda",
        "type": "github"
      },
      "original": {
        "owner": "jgus",
        "repo": "comfyui-workflow-templates-media-image-flake",
        "type": "github"
      }
    },
    "comfyui-workflow-templates-media-other": {
      "inputs": {
        "flake-lib": [
          "comfyui-workflow-templates",
          "flake-lib"
        ],
        "flake-utils": [
          "comfyui-workflow-templates",
          "flake-utils"
        ],
        "nixpkgs": [
          "comfyui-workflow-templates",
          "nixpkgs"
        ]
      },
      "locked": {
        "lastModified": 1788186730,
        "narHash": "sha256-SaMnptXT0pVQYajf4IRu9AZ3Bi+0IB29G//JPquDbEU=",
        "owner": "jgus",
        "repo": "comfyui-workflow-templates-media-other-flake",
        "rev": "acd56cc358070b381fcb40ca0f2635f62cfbf613",
        "type": "github"
      },
      "original": {
        "owner": "jgus",
        "repo": "comfyui-workflow-templates-media-other-flake",
        "type": "github"
      }
    },
    "comfyui-workflow-templates-media-video": {
      "inputs": {
        "flake-lib": [
          "comfyui-workflow-templates",
          "flake-lib"
        ],
        "flake-utils": [
          "comfyui-workflow-templates",
          "flake-utils"
        ],
        "nixpkgs": [
          "comfyui-workflow-templates",
          "nixpkgs"
        ]
      },
      "locked": {
        "lastModified": 1788093627,
        "narHash": "sha256-SjMf5kIOhlSZGL7flbcQYkLepaTykipGLQPNzlgUSJ8=",
        "owner": "jgus",
        "repo": "comfyui-workflow-templates-media-video-flake",
        "rev": "92aabd8990b479aaef9a82551dea121bcf025f4a",
        "type": "github"
      },
      "original": {
        "owner": "jgus",
        "repo": "comfyui-workflow-templates-media-video-flake",
        "type": "github"
      }
    },
    "flake-lib": {
      "inputs": {
        "flake-utils": [
          "flake-utils"
        ],
        "nixpkgs": [
          "nixpkgs"
        ]
      },
      "locked": {
        "lastModified": 1788138353,
        "narHash": "sha256-CJy+J5cGaMP8vVsx4PnXnZAf+eSxvMhXykJ4i/pTeXc=",
        "owner": "jgus",
        "repo": "flake-lib",
        "rev": "4e15e882c119458ded6ae4e393268225675e6a95",
        "type": "github"
      },
      "original": {
        "owner": "jgus",
        "ref": "v1",
        "repo": "flake-lib",
        "type": "github"
      }
    },
    "flake-utils": {
      "inputs": {
        "systems": "systems"
      },
      "locked": {
        "lastModified": 1731533236,
        "narHash": "sha256-l0KFg5HjrsfsO/JpG+r7fRrqm12kzFHyUHqHCVpMMbI=",
        "owner": "numtide",
        "repo": "flake-utils",
        "rev": "11707dc2f618dd54ca8739b309ec4fc024de578b",
        "type": "github"
      },
      "original": {
        "owner": "numtide",
        "repo": "flake-utils",
        "type": "github"
      }
    },
    "nixpkgs": {
      "locked": {
        "lastModified": 1787964612,
        "narHash": "sha256-0N9nghg3nwzX6b6qc77EzjR9cu/Z+UR66FlfsCqiURs=",
        "owner": "NixOS",
        "repo": "nixpkgs",
        "rev": "e8be7818e19ada32105a8af937a6a473b38167ca",
        "type": "github"
      },
      "original": {
        "owner": "NixOS",
        "ref": "nixpkgs-unstable",
        "repo": "nixpkgs",
        "type": "github"
      }
    },
    "root": {
      "inputs": {
        "comfy-aimdo": "comfy-aimdo",
        "comfy-kitchen": "comfy-kitchen",
        "comfyui-embedded-docs": "comfyui-embedded-docs",
        "comfyui-frontend-package": "comfyui-frontend-package",
        "comfyui-workflow-templates": "comfyui-workflow-templates",
        "flake-lib": "flake-lib",
        "flake-utils": "flake-utils",
        "nixpkgs": "nixpkgs",
        "spandrel": "spandrel"
      }
    },
    "spandrel": {
      "inputs": {
        "flake-lib": [
          "flake-lib"
        ],
        "flake-utils": [
          "flake-utils"
        ],
        "nixpkgs": [
          "nixpkgs"
        ]
      },
      "locked": {
        "lastModified": 1788188406,
        "narHash": "sha256-Vqb9dmpCgLoKgBtJpVAO+mr1Lz+jpAuqwqbM5ROZwD8=",
        "owner": "jgus",
        "repo": "spandrel-flake",
        "rev": "108cb4064ab723e5ddd3c928f010a7abe19ec3d8",
        "type": "github"
      },
      "original": {
        "owner": "jgus",
        "repo": "spandrel-flake",
        "type": "github"
      }
    },
    "systems": {
      "locked": {
        "lastModified": 1681028828,
        "narHash": "sha256-Vy1rq5AaRuLzOxct8nz4T6wlgyUR7zLU309k9mBC768=",
        "owner": "nix-systems",
        "repo": "default",
        "rev": "da67096a3b9bf56a91d16901293e51ba5b49a27e",
        "type": "github"
      },
      "original": {
        "owner": "nix-systems",
        "repo": "default",
        "type": "github"
      }
    }
  },
  "root": "root",
  "version": 7
}
