{
  "nodes": {
    "comfy-aimdo": {
      "inputs": {
        "flake-lib": [
          "flake-lib"
        ],
        "flake-utils": [
          "flake-utils"
        ],
        "nixpkgs": [
          "nixpkgs"
        ]
      },
      "locked": {
        "lastModified": 1782979662,
        "narHash": "sha256-/aHHrBcg1KbiTOFJWqPlQj7lgo9vy3E5ZDJtO2NLuCw=",
        "owner": "jgus",
        "repo": "comfy-aimdo-flake",
        "rev": "d63a6a93ca67916510daf056ffd3a74468c3c84e",
        "type": "github"
      },
      "original": {
        "owner": "jgus",
        "repo": "comfy-aimdo-flake",
        "type": "github"
      }
    },
    "comfy-kitchen": {
      "inputs": {
        "flake-lib": [
          "flake-lib"
        ],
        "flake-utils": [
          "flake-utils"
        ],
        "nixpkgs": [
          "nixpkgs"
        ]
      },
      "locked": {
        "lastModified": 1782979841,
        "narHash": "sha256-BcReSwGX+hb5mrbQyyfLMsOy6RjETN5jb4wdLwP7h5M=",
        "owner": "jgus",
        "repo": "comfy-kitchen-flake",
        "rev": "121359916c324af773e07478da417f786a10e0b8",
        "type": "github"
      },
      "original": {
        "owner": "jgus",
        "repo": "comfy-kitchen-flake",
        "type": "github"
      }
    },
    "comfyui-embedded-docs": {
      "inputs": {
        "flake-lib": [
          "flake-lib"
        ],
        "flake-utils": [
          "flake-utils"
        ],
        "nixpkgs": [
          "nixpkgs"
        ]
      },
      "locked": {
        "lastModified": 1782979412,
        "narHash": "sha256-0cpEpBwylEyje9U54Gesoli12KZddh3Xfchi2W08rzo=",
        "owner": "jgus",
        "repo": "comfyui-embedded-docs-flake",
        "rev": "26cdeaa253d5cdbc1fe4c8812e31cb70e15c1653",
        "type": "github"
      },
      "original": {
        "owner": "jgus",
        "repo": "comfyui-embedded-docs-flake",
        "type": "github"
      }
    },
    "comfyui-frontend-package": {
      "inputs": {
        "flake-lib": [
          "flake-lib"
        ],
        "flake-utils": [
          "flake-utils"
        ],
        "nixpkgs": [
          "nixpkgs"
        ]
      },
      "locked": {
        "lastModified": 1782979590,
        "narHash": "sha256-zoCnOM/l9aPUhg9KG5EUlnefF/qFkzCTYBfDGHsuQtA=",
        "owner": "jgus",
        "repo": "comfyui-frontend-package-flake",
        "rev": "50332ed9f757797d54dfa61dd820f3992e30f9bb",
        "type": "github"
      },
      "original": {
        "owner": "jgus",
        "repo": "comfyui-frontend-package-flake",
        "type": "github"
      }
    },
    "comfyui-workflow-templates": {
      "inputs": {
        "flake-lib": [
          "flake-lib"
        ],
        "flake-utils": [
          "flake-utils"
        ],
        "nixpkgs": [
          "nixpkgs"
        ]
      },
      "locked": {
        "lastModified": 1782979485,
        "narHash": "sha256-5pl3h4LmIBF5fLdg+UP4rCoCHCLdt42rOU3Zuudc7ho=",
        "owner": "jgus",
        "repo": "comfyui-workflow-templates-flake",
        "rev": "f07096d699d7f7c322f7fc69f6fac21742bd4100",
        "type": "github"
      },
      "original": {
        "owner": "jgus",
        "repo": "comfyui-workflow-templates-flake",
        "type": "github"
      }
    },
    "comfyui-workflow-templates-core": {
      "inputs": {
        "flake-lib": [
          "flake-lib"
        ],
        "flake-utils": [
          "flake-utils"
        ],
        "nixpkgs": [
          "nixpkgs"
        ]
      },
      "locked": {
        "lastModified": 1782979732,
        "narHash": "sha256-zlRXcfYS4bXwB7VoqBHw9OvdotO1eM74XKq7y7X+aoY=",
        "owner": "jgus",
        "repo": "comfyui-workflow-templates-core-flake",
        "rev": "3147f548c0281813f5ae868ad303ee7591b6a9ea",
        "type": "github"
      },
      "original": {
        "owner": "jgus",
        "repo": "comfyui-workflow-templates-core-flake",
        "type": "github"
      }
    },
    "comfyui-workflow-templates-media-api": {
      "inputs": {
        "flake-lib": [
          "flake-lib"
        ],
        "flake-utils": [
          "flake-utils"
        ],
        "nixpkgs": [
          "nixpkgs"
        ]
      },
      "locked": {
        "lastModified": 1782979807,
        "narHash": "sha256-alNGRmDCbLN0WWekGInPjZ3zOP6/GiAu73uWTwnHQXs=",
        "owner": "jgus",
        "repo": "comfyui-workflow-templates-media-api-flake",
        "rev": "1832ddb51ff7a8b90651f91f62b9a1abe44f71e3",
        "type": "github"
      },
      "original": {
        "owner": "jgus",
        "repo": "comfyui-workflow-templates-media-api-flake",
        "type": "github"
      }
    },
    "comfyui-workflow-templates-media-image": {
      "inputs": {
        "flake-lib": [
          "flake-lib"
        ],
        "flake-utils": [
          "flake-utils"
        ],
        "nixpkgs": [
          "nixpkgs"
        ]
      },
      "locked": {
        "lastModified": 1782979506,
        "narHash": "sha256-Ee9NaGUyJfJNDTBfCBOqs70kkfNsxrxTp1LaYeE2Cg0=",
        "owner": "jgus",
        "repo": "comfyui-workflow-templates-media-image-flake",
        "rev": "fd08a1656ef8adcde0d92d6ee0d00809f33da295",
        "type": "github"
      },
      "original": {
        "owner": "jgus",
        "repo": "comfyui-workflow-templates-media-image-flake",
        "type": "github"
      }
    },
    "comfyui-workflow-templates-media-other": {
      "inputs": {
        "flake-lib": [
          "flake-lib"
        ],
        "flake-utils": [
          "flake-utils"
        ],
        "nixpkgs": [
          "nixpkgs"
        ]
      },
      "locked": {
        "lastModified": 1782979630,
        "narHash": "sha256-nTvJ4+bMcX9fNyoSShaxogGJFRTSkj40o71lv96JzUc=",
        "owner": "jgus",
        "repo": "comfyui-workflow-templates-media-other-flake",
        "rev": "242a5384764b599545dd2b18ced43e8abfe1c25c",
        "type": "github"
      },
      "original": {
        "owner": "jgus",
        "repo": "comfyui-workflow-templates-media-other-flake",
        "type": "github"
      }
    },
    "comfyui-workflow-templates-media-video": {
      "inputs": {
        "flake-lib": [
          "flake-lib"
        ],
        "flake-utils": [
          "flake-utils"
        ],
        "nixpkgs": [
          "nixpkgs"
        ]
      },
      "locked": {
        "lastModified": 1782979711,
        "narHash": "sha256-cgWLHpo5r+ko88Vhl/yLg+cog3VQBGDeCYWLp+J905Q=",
        "owner": "jgus",
        "repo": "comfyui-workflow-templates-media-video-flake",
        "rev": "f31368eccd697d3d350a00fcafeadf01874f7c78",
        "type": "github"
      },
      "original": {
        "owner": "jgus",
        "repo": "comfyui-workflow-templates-media-video-flake",
        "type": "github"
      }
    },
    "flake-lib": {
      "inputs": {
        "flake-utils": [
          "flake-utils"
        ],
        "nixpkgs": [
          "nixpkgs"
        ]
      },
      "locked": {
        "lastModified": 1782844158,
        "narHash": "sha256-brJr2qHFK3aH5s2Jm6QLh/lV+JO6XxwWdo/hHVN8BQI=",
        "owner": "jgus",
        "repo": "flake-lib",
        "rev": "1c13d26b239610f7a2b65cbaee30642224001891",
        "type": "github"
      },
      "original": {
        "owner": "jgus",
        "ref": "v1",
        "repo": "flake-lib",
        "type": "github"
      }
    },
    "flake-utils": {
      "inputs": {
        "systems": "systems"
      },
      "locked": {
        "lastModified": 1731533236,
        "narHash": "sha256-l0KFg5HjrsfsO/JpG+r7fRrqm12kzFHyUHqHCVpMMbI=",
        "owner": "numtide",
        "repo": "flake-utils",
        "rev": "11707dc2f618dd54ca8739b309ec4fc024de578b",
        "type": "github"
      },
      "original": {
        "owner": "numtide",
        "repo": "flake-utils",
        "type": "github"
      }
    },
    "nixpkgs": {
      "locked": {
        "lastModified": 1782918843,
        "narHash": "sha256-ETYnV9U7Sr+A45dohzZdfCZKOss4qrTkO+wgNZNvEc0=",
        "owner": "NixOS",
        "repo": "nixpkgs",
        "rev": "e8273b29fe1390ec8d4603f2477357555291432e",
        "type": "github"
      },
      "original": {
        "owner": "NixOS",
        "ref": "nixpkgs-unstable",
        "repo": "nixpkgs",
        "type": "github"
      }
    },
    "root": {
      "inputs": {
        "comfy-aimdo": "comfy-aimdo",
        "comfy-kitchen": "comfy-kitchen",
        "comfyui-embedded-docs": "comfyui-embedded-docs",
        "comfyui-frontend-package": "comfyui-frontend-package",
        "comfyui-workflow-templates": "comfyui-workflow-templates",
        "comfyui-workflow-templates-core": "comfyui-workflow-templates-core",
        "comfyui-workflow-templates-media-api": "comfyui-workflow-templates-media-api",
        "comfyui-workflow-templates-media-image": "comfyui-workflow-templates-media-image",
        "comfyui-workflow-templates-media-other": "comfyui-workflow-templates-media-other",
        "comfyui-workflow-templates-media-video": "comfyui-workflow-templates-media-video",
        "flake-lib": "flake-lib",
        "flake-utils": "flake-utils",
        "nixpkgs": "nixpkgs",
        "spandrel": "spandrel"
      }
    },
    "spandrel": {
      "inputs": {
        "flake-lib": [
          "flake-lib"
        ],
        "flake-utils": [
          "flake-utils"
        ],
        "nixpkgs": [
          "nixpkgs"
        ]
      },
      "locked": {
        "lastModified": 1782979735,
        "narHash": "sha256-mNZbxaXbXxhppv3ZcOmVF1FbzalqYH9EXo/OCiYDEZw=",
        "owner": "jgus",
        "repo": "spandrel-flake",
        "rev": "c2240cd4725a33840a9ab2cc9e0b286bc2d1fbfe",
        "type": "github"
      },
      "original": {
        "owner": "jgus",
        "repo": "spandrel-flake",
        "type": "github"
      }
    },
    "systems": {
      "locked": {
        "lastModified": 1681028828,
        "narHash": "sha256-Vy1rq5AaRuLzOxct8nz4T6wlgyUR7zLU309k9mBC768=",
        "owner": "nix-systems",
        "repo": "default",
        "rev": "da67096a3b9bf56a91d16901293e51ba5b49a27e",
        "type": "github"
      },
      "original": {
        "owner": "nix-systems",
        "repo": "default",
        "type": "github"
      }
    }
  },
  "root": "root",
  "version": 7
}
